
Microsoft Visual Studio Solution File, Format Version 12.00
# Visual Studio Version 17
VisualStudioVersion = 17.7.34031.279
MinimumVisualStudioVersion = 10.0.40219.1
Project("{9A19103F-16F7-4668-BE54-9A1E7A4F7556}") = "TodoListSB76764", "TodoListSB76764.csproj", "{0B012B27-0425-4FA6-B0F4-2D80C4A9B61A}"
EndProject
Global
	GlobalSection(SolutionConfigurationPlatforms) = preSolution
		Debug|Any CPU = Debug|Any CPU
		Release|Any CPU = Release|Any CPU
	EndGlobalSection
	GlobalSection(ProjectConfigurationPlatforms) = postSolution
		{0B012B27-0425-4FA6-B0F4-2D80C4A9B61A}.Debug|Any CPU.ActiveCfg = Debug|Any CPU
		{0B012B27-0425-4FA6-B0F4-2D80C4A9B61A}.Debug|Any CPU.Build.0 = Debug|Any CPU
		{0B012B27-0425-4FA6-B0F4-2D80C4A9B61A}.Release|Any CPU.ActiveCfg = Release|Any CPU
		{0B012B27-0425-4FA6-B0F4-2D80C4A9B61A}.Release|Any CPU.Build.0 = Release|Any CPU
	EndGlobalSection
	GlobalSection(SolutionProperties) = preSolution
		HideSolutionNode = FALSE
	EndGlobalSection
	GlobalSection(ExtensibilityGlobals) = postSolution
		SolutionGuid = {F35EEEE0-5CE0-4E41-BE20-4DEC956B64EE}
	EndGlobalSection
EndGlobal
